
Microsoft Visual Studio Solution File, Format Version 12.00
# Visual Studio 2012
Project("{FAE04EC0-301F-11D3-BF4B-00C04F79EFBC}") = "FEAEugenics", "FEAEugenics\FEAEugenics.csproj", "{847B9C25-47F7-4FDF-B419-7EBCD456692C}"
EndProject
Project("{FAE04EC0-301F-11D3-BF4B-00C04F79EFBC}") = "FEAEugenics.Tests", "FEAEugenics.Tests\FEAEugenics.Tests.csproj", "{F911F6DE-8638-4245-A9F0-195E071AF1D3}"
EndProject
Project("{FAE04EC0-301F-11D3-BF4B-00C04F79EFBC}") = "FEAModel", "FEAModel\FEAModel.csproj", "{5C734606-490A-49F9-BBAF-4C40CE946EEF}"
EndProject
Global
	GlobalSection(SolutionConfigurationPlatforms) = preSolution
		Debug|Any CPU = Debug|Any CPU
		Release|Any CPU = Release|Any CPU
	EndGlobalSection
	GlobalSection(ProjectConfigurationPlatforms) = postSolution
		{847B9C25-47F7-4FDF-B419-7EBCD456692C}.Debug|Any CPU.ActiveCfg = Debug|Any CPU
		{847B9C25-47F7-4FDF-B419-7EBCD456692C}.Debug|Any CPU.Build.0 = Debug|Any CPU
		{847B9C25-47F7-4FDF-B419-7EBCD456692C}.Release|Any CPU.ActiveCfg = Release|Any CPU
		{847B9C25-47F7-4FDF-B419-7EBCD456692C}.Release|Any CPU.Build.0 = Release|Any CPU
		{F911F6DE-8638-4245-A9F0-195E071AF1D3}.Debug|Any CPU.ActiveCfg = Debug|Any CPU
		{F911F6DE-8638-4245-A9F0-195E071AF1D3}.Debug|Any CPU.Build.0 = Debug|Any CPU
		{F911F6DE-8638-4245-A9F0-195E071AF1D3}.Release|Any CPU.ActiveCfg = Release|Any CPU
		{F911F6DE-8638-4245-A9F0-195E071AF1D3}.Release|Any CPU.Build.0 = Release|Any CPU
		{5C734606-490A-49F9-BBAF-4C40CE946EEF}.Debug|Any CPU.ActiveCfg = Debug|Any CPU
		{5C734606-490A-49F9-BBAF-4C40CE946EEF}.Debug|Any CPU.Build.0 = Debug|Any CPU
		{5C734606-490A-49F9-BBAF-4C40CE946EEF}.Release|Any CPU.ActiveCfg = Release|Any CPU
		{5C734606-490A-49F9-BBAF-4C40CE946EEF}.Release|Any CPU.Build.0 = Release|Any CPU
	EndGlobalSection
	GlobalSection(SolutionProperties) = preSolution
		HideSolutionNode = FALSE
	EndGlobalSection
EndGlobal
